// !$*UTF8*$!
{
	archiveVersion = 1;
	classes = {
	};
	objectVersion = 56;
	objects = {

/* Begin PBXBuildFile section */
		06B4C2012C399C8200E28BFB /* AppDelegate.swift in Sources */ = {isa = PBXBuildFile; fileRef = 06B4C2002C399C8200E28BFB /* AppDelegate.swift */; };
		06B4C2032C399C8200E28BFB /* SceneDelegate.swift in Sources */ = {isa = PBXBuildFile; fileRef = 06B4C2022C399C8200E28BFB /* SceneDelegate.swift */; };
		06B4C2052C399C8200E28BFB /* ViewController.swift in Sources */ = {isa = PBXBuildFile; fileRef = 06B4C2042C399C8200E28BFB /* ViewController.swift */; };
		06B4C2082C399C8200E28BFB /* Base in Resources */ = {isa = PBXBuildFile; fileRef = 06B4C2072C399C8200E28BFB /* Base */; };
		06B4C20A2C399C8300E28BFB /* Assets.xcassets in Resources */ = {isa = PBXBuildFile; fileRef = 06B4C2092C399C8300E28BFB /* Assets.xcassets */; };
		06B4C20D2C399C8300E28BFB /* Base in Resources */ = {isa = PBXBuildFile; fileRef = 06B4C20C2C399C8300E28BFB /* Base */; };
		06B4C2152C39A67800E28BFB /* RowData.swift in Sources */ = {isa = PBXBuildFile; fileRef = 06B4C2142C39A67800E28BFB /* RowData.swift */; };
		06B4C2172C39A69100E28BFB /* TableViewModel.swift in Sources */ = {isa = PBXBuildFile; fileRef = 06B4C2162C39A69100E28BFB /* TableViewModel.swift */; };
/* End PBXBuildFile section */

/* Begin PBXFileReference section */
		06B4C1FD2C399C8200E28BFB /* MultipleTextFieldsTableView.app */ = {isa = PBXFileReference; explicitFileType = wrapper.application; includeInIndex = 0; path = MultipleTextFieldsTableView.app; sourceTree = BUILT_PRODUCTS_DIR; };
		06B4C2002C399C8200E28BFB /* AppDelegate.swift */ = {isa = PBXFileReference; lastKnownFileType = sourcecode.swift; path = AppDelegate.swift; sourceTree = "<group>"; };
		06B4C2022C399C8200E28BFB /* SceneDelegate.swift */ = {isa = PBXFileReference; lastKnownFileType = sourcecode.swift; path = SceneDelegate.swift; sourceTree = "<group>"; };
		06B4C2042C399C8200E28BFB /* ViewController.swift */ = {isa = PBXFileReference; lastKnownFileType = sourcecode.swift; path = ViewController.swift; sourceTree = "<group>"; };
		06B4C2072C399C8200E28BFB /* Base */ = {isa = PBXFileReference; lastKnownFileType = file.storyboard; name = Base; path = Base.lproj/Main.storyboard; sourceTree = "<group>"; };
		06B4C2092C399C8300E28BFB /* Assets.xcassets */ = {isa = PBXFileReference; lastKnownFileType = folder.assetcatalog; path = Assets.xcassets; sourceTree = "<group>"; };
		06B4C20C2C399C8300E28BFB /* Base */ = {isa = PBXFileReference; lastKnownFileType = file.storyboard; name = Base; path = Base.lproj/LaunchScreen.storyboard; sourceTree = "<group>"; };
		06B4C20E2C399C8300E28BFB /* Info.plist */ = {isa = PBXFileReference; lastKnownFileType = text.plist.xml; path = Info.plist; sourceTree = "<group>"; };
		06B4C2142C39A67800E28BFB /* RowData.swift */ = {isa = PBXFileReference; lastKnownFileType = sourcecode.swift; path = RowData.swift; sourceTree = "<group>"; };
		06B4C2162C39A69100E28BFB /* TableViewModel.swift */ = {isa = PBXFileReference; lastKnownFileType = sourcecode.swift; path = TableViewModel.swift; sourceTree = "<group>"; };
/* End PBXFileReference section */

/* Begin PBXFrameworksBuildPhase section */
		06B4C1FA2C399C8200E28BFB /* Frameworks */ = {
			isa = PBXFrameworksBuildPhase;
			buildActionMask = 2147483647;
			files = (
			);
			runOnlyForDeploymentPostprocessing = 0;
		};
/* End PBXFrameworksBuildPhase section */

/* Begin PBXGroup section */
		06B4C1F42C399C8200E28BFB = {
			isa = PBXGroup;
			children = (
				06B4C1FF2C399C8200E28BFB /* MultipleTextFieldsTableView */,
				06B4C1FE2C399C8200E28BFB /* Products */,
			);
			sourceTree = "<group>";
		};
		06B4C1FE2C399C8200E28BFB /* Products */ = {
			isa = PBXGroup;
			children = (
				06B4C1FD2C399C8200E28BFB /* MultipleTextFieldsTableView.app */,
			);
			name = Products;
			sourceTree = "<group>";
		};
		06B4C1FF2C399C8200E28BFB /* MultipleTextFieldsTableView */ = {
			isa = PBXGroup;
			children = (
				06B4C2002C399C8200E28BFB /* AppDelegate.swift */,
				06B4C2022C399C8200E28BFB /* SceneDelegate.swift */,
				06B4C2042C399C8200E28BFB /* ViewController.swift */,
				06B4C2142C39A67800E28BFB /* RowData.swift */,
				06B4C2162C39A69100E28BFB /* TableViewModel.swift */,
				06B4C2062C399C8200E28BFB /* Main.storyboard */,
				06B4C2092C399C8300E28BFB /* Assets.xcassets */,
				06B4C20B2C399C8300E28BFB /* LaunchScreen.storyboard */,
				06B4C20E2C399C8300E28BFB /* Info.plist */,
			);
			path = MultipleTextFieldsTableView;
			sourceTree = "<group>";
		};
/* End PBXGroup section */

/* Begin PBXNativeTarget section */
		06B4C1FC2C399C8200E28BFB /* MultipleTextFieldsTableView */ = {
			isa = PBXNativeTarget;
			buildConfigurationList = 06B4C2112C399C8300E28BFB /* Build configuration list for PBXNativeTarget "MultipleTextFieldsTableView" */;
			buildPhases = (
				06B4C1F92C399C8200E28BFB /* Sources */,
				06B4C1FA2C399C8200E28BFB /* Frameworks */,
				06B4C1FB2C399C8200E28BFB /* Resources */,
			);
			buildRules = (
			);
			dependencies = (
			);
			name = MultipleTextFieldsTableView;
			productName = DemoMultipleRecprds;
			productReference = 06B4C1FD2C399C8200E28BFB /* MultipleTextFieldsTableView.app */;
			productType = "com.apple.product-type.application";
		};
/* End PBXNativeTarget section */

/* Begin PBXProject section */
		06B4C1F52C399C8200E28BFB /* Project object */ = {
			isa = PBXProject;
			attributes = {
				BuildIndependentTargetsInParallel = 1;
				LastSwiftUpdateCheck = 1530;
				LastUpgradeCheck = 1530;
				TargetAttributes = {
					06B4C1FC2C399C8200E28BFB = {
						CreatedOnToolsVersion = 15.3;
					};
				};
			};
			buildConfigurationList = 06B4C1F82C399C8200E28BFB /* Build configuration list for PBXProject "MultipleTextFieldsTableView" */;
			compatibilityVersion = "Xcode 14.0";
			developmentRegion = en;
			hasScannedForEncodings = 0;
			knownRegions = (
				en,
				Base,
			);
			mainGroup = 06B4C1F42C399C8200E28BFB;
			productRefGroup = 06B4C1FE2C399C8200E28BFB /* Products */;
			projectDirPath = "";
			projectRoot = "";
			targets = (
				06B4C1FC2C399C8200E28BFB /* MultipleTextFieldsTableView */,
			);
		};
/* End PBXProject section */

/* Begin PBXResourcesBuildPhase section */
		06B4C1FB2C399C8200E28BFB /* Resources */ = {
			isa = PBXResourcesBuildPhase;
			buildActionMask = 2147483647;
			files = (
				06B4C20A2C399C8300E28BFB /* Assets.xcassets in Resources */,
				06B4C20D2C399C8300E28BFB /* Base in Resources */,
				06B4C2082C399C8200E28BFB /* Base in Resources */,
			);
			runOnlyForDeploymentPostprocessing = 0;
		};
/* End PBXResourcesBuildPhase section */

/* Begin PBXSourcesBuildPhase section */
		06B4C1F92C399C8200E28BFB /* Sources */ = {
			isa = PBXSourcesBuildPhase;
			buildActionMask = 2147483647;
			files = (
				06B4C2052C399C8200E28BFB /* ViewController.swift in Sources */,
				06B4C2172C39A69100E28BFB /* TableViewModel.swift in Sources */,
				06B4C2012C399C8200E28BFB /* AppDelegate.swift in Sources */,
				06B4C2152C39A67800E28BFB /* RowData.swift in Sources */,
				06B4C2032C399C8200E28BFB /* SceneDelegate.swift in Sources */,
			);
			runOnlyForDeploymentPostprocessing = 0;
		};
/* End PBXSourcesBuildPhase section */

/* Begin PBXVariantGroup section */
		06B4C2062C399C8200E28BFB /* Main.storyboard */ = {
			isa = PBXVariantGroup;
			children = (
				06B4C2072C399C8200E28BFB /* Base */,
			);
			name = Main.storyboard;
			sourceTree = "<group>";
		};
		06B4C20B2C399C8300E28BFB /* LaunchScreen.storyboard */ = {
			isa = PBXVariantGroup;
			children = (
				06B4C20C2C399C8300E28BFB /* Base */,
			);
			name = LaunchScreen.storyboard;
			sourceTree = "<group>";
		};
/* End PBXVariantGroup section */

/* Begin XCBuildConfiguration section */
		06B4C20F2C399C8300E28BFB /* Debug */ = {
			isa = XCBuildConfiguration;
			buildSettings = {
				ALWAYS_SEARCH_USER_PATHS = NO;
				ASSETCATALOG_COMPILER_GENERATE_SWIFT_ASSET_SYMBOL_EXTENSIONS = YES;
				CLANG_ANALYZER_NONNULL = YES;
				CLANG_ANALYZER_NUMBER_OBJECT_CONVERSION = YES_AGGRESSIVE;
				CLANG_CXX_LANGUAGE_STANDARD = "gnu++20";
				CLANG_ENABLE_MODULES = YES;
				CLANG_ENABLE_OBJC_ARC = YES;
				CLANG_ENABLE_OBJC_WEAK = YES;
				CLANG_WARN_BLOCK_CAPTURE_AUTORELEASING = YES;
				CLANG_WARN_BOOL_CONVERSION = YES;
				CLANG_WARN_COMMA = YES;
				CLANG_WARN_CONSTANT_CONVERSION = YES;
				CLANG_WARN_DEPRECATED_OBJC_IMPLEMENTATIONS = YES;
				CLANG_WARN_DIRECT_OBJC_ISA_USAGE = YES_ERROR;
				CLANG_WARN_DOCUMENTATION_COMMENTS = YES;
				CLANG_WARN_EMPTY_BODY = YES;
				CLANG_WARN_ENUM_CONVERSION = YES;
				CLANG_WARN_INFINITE_RECURSION = YES;
				CLANG_WARN_INT_CONVERSION = YES;
				CLANG_WARN_NON_LITERAL_NULL_CONVERSION = YES;
				CLANG_WARN_OBJC_IMPLICIT_RETAIN_SELF = YES;
				CLANG_WARN_OBJC_LITERAL_CONVERSION = YES;
				CLANG_WARN_OBJC_ROOT_CLASS = YES_ERROR;
				CLANG_WARN_QUOTED_INCLUDE_IN_FRAMEWORK_HEADER = YES;
				CLANG_WARN_RANGE_LOOP_ANALYSIS = YES;
				CLANG_WARN_STRICT_PROTOTYPES = YES;
				CLANG_WARN_SUSPICIOUS_MOVE = YES;
				CLANG_WARN_UNGUARDED_AVAILABILITY = YES_AGGRESSIVE;
				CLANG_WARN_UNREACHABLE_CODE = YES;
				CLANG_WARN__DUPLICATE_METHOD_MATCH = YES;
				COPY_PHASE_STRIP = NO;
				DEBUG_INFORMATION_FORMAT = dwarf;
				ENABLE_STRICT_OBJC_MSGSEND = YES;
				ENABLE_TESTABILITY = YES;
				ENABLE_USER_SCRIPT_SANDBOXING = YES;
				GCC_C_LANGUAGE_STANDARD = gnu17;
				GCC_DYNAMIC_NO_PIC = NO;
				GCC_NO_COMMON_BLOCKS = YES;
				GCC_OPTIMIZATION_LEVEL = 0;
				GCC_PREPROCESSOR_DEFINITIONS = (
					"DEBUG=1",
					"$(inherited)",
				);
				GCC_WARN_64_TO_32_BIT_CONVERSION = YES;
				GCC_WARN_ABOUT_RETURN_TYPE = YES_ERROR;
				GCC_WARN_UNDECLARED_SELECTOR = YES;
				GCC_WARN_UNINITIALIZED_AUTOS = YES_AGGRESSIVE;
				GCC_WARN_UNUSED_FUNCTION = YES;
				GCC_WARN_UNUSED_VARIABLE = YES;
				IPHONEOS_DEPLOYMENT_TARGET = 17.4;
				LOCALIZATION_PREFERS_STRING_CATALOGS = YES;
				MTL_ENABLE_DEBUG_INFO = INCLUDE_SOURCE;
				MTL_FAST_MATH = YES;
				ONLY_ACTIVE_ARCH = YES;
				SDKROOT = iphoneos;
				SWIFT_ACTIVE_COMPILATION_CONDITIONS = "DEBUG $(inherited)";
				SWIFT_OPTIMIZATION_LEVEL = "-Onone";
			};
			name = Debug;
		};
		06B4C2102C399C8300E28BFB /* Release */ = {
			isa = XCBuildConfiguration;
			buildSettings = {
				ALWAYS_SEARCH_USER_PATHS = NO;
				ASSETCATALOG_COMPILER_GENERATE_SWIFT_ASSET_SYMBOL_EXTENSIONS = YES;
				CLANG_ANALYZER_NONNULL = YES;
				CLANG_ANALYZER_NUMBER_OBJECT_CONVERSION = YES_AGGRESSIVE;
				CLANG_CXX_LANGUAGE_STANDARD = "gnu++20";
				CLANG_ENABLE_MODULES = YES;
				CLANG_ENABLE_OBJC_ARC = YES;
				CLANG_ENABLE_OBJC_WEAK = YES;
				CLANG_WARN_BLOCK_CAPTURE_AUTORELEASING = YES;
				CLANG_WARN_BOOL_CONVERSION = YES;
				CLANG_WARN_COMMA = YES;
				CLANG_WARN_CONSTANT_CONVERSION = YES;
				CLANG_WARN_DEPRECATED_OBJC_IMPLEMENTATIONS = YES;
				CLANG_WARN_DIRECT_OBJC_ISA_USAGE = YES_ERROR;
				CLANG_WARN_DOCUMENTATION_COMMENTS = YES;
				CLANG_WARN_EMPTY_BODY = YES;
				CLANG_WARN_ENUM_CONVERSION = YES;
				CLANG_WARN_INFINITE_RECURSION = YES;
				CLANG_WARN_INT_CONVERSION = YES;
				CLANG_WARN_NON_LITERAL_NULL_CONVERSION = YES;
				CLANG_WARN_OBJC_IMPLICIT_RETAIN_SELF = YES;
				CLANG_WARN_OBJC_LITERAL_CONVERSION = YES;
				CLANG_WARN_OBJC_ROOT_CLASS = YES_ERROR;
				CLANG_WARN_QUOTED_INCLUDE_IN_FRAMEWORK_HEADER = YES;
				CLANG_WARN_RANGE_LOOP_ANALYSIS = YES;
				CLANG_WARN_STRICT_PROTOTYPES = YES;
				CLANG_WARN_SUSPICIOUS_MOVE = YES;
				CLANG_WARN_UNGUARDED_AVAILABILITY = YES_AGGRESSIVE;
				CLANG_WARN_UNREACHABLE_CODE = YES;
				CLANG_WARN__DUPLICATE_METHOD_MATCH = YES;
				COPY_PHASE_STRIP = NO;
				DEBUG_INFORMATION_FORMAT = "dwarf-with-dsym";
				ENABLE_NS_ASSERTIONS = NO;
				ENABLE_STRICT_OBJC_MSGSEND = YES;
				ENABLE_USER_SCRIPT_SANDBOXING = YES;
				GCC_C_LANGUAGE_STANDARD = gnu17;
				GCC_NO_COMMON_BLOCKS = YES;
				GCC_WARN_64_TO_32_BIT_CONVERSION = YES;
				GCC_WARN_ABOUT_RETURN_TYPE = YES_ERROR;
				GCC_WARN_UNDECLARED_SELECTOR = YES;
				GCC_WARN_UNINITIALIZED_AUTOS = YES_AGGRESSIVE;
				GCC_WARN_UNUSED_FUNCTION = YES;
				GCC_WARN_UNUSED_VARIABLE = YES;
				IPHONEOS_DEPLOYMENT_TARGET = 17.4;
				LOCALIZATION_PREFERS_STRING_CATALOGS = YES;
				MTL_ENABLE_DEBUG_INFO = NO;
				MTL_FAST_MATH = YES;
				SDKROOT = iphoneos;
				SWIFT_COMPILATION_MODE = wholemodule;
				VALIDATE_PRODUCT = YES;
			};
			name = Release;
		};
		06B4C2122C399C8300E28BFB /* Debug */ = {
			isa = XCBuildConfiguration;
			buildSettings = {
				ASSETCATALOG_COMPILER_APPICON_NAME = AppIcon;
				ASSETCATALOG_COMPILER_GLOBAL_ACCENT_COLOR_NAME = AccentColor;
				CODE_SIGN_STYLE = Automatic;
				CURRENT_PROJECT_VERSION = 1;
				DEVELOPMENT_TEAM = 982S9XL964;
				GENERATE_INFOPLIST_FILE = YES;
				INFOPLIST_FILE = MultipleTextFieldsTableView/Info.plist;
				INFOPLIST_KEY_UIApplicationSupportsIndirectInputEvents = YES;
				INFOPLIST_KEY_UILaunchStoryboardName = LaunchScreen;
				INFOPLIST_KEY_UIMainStoryboardFile = Main;
				INFOPLIST_KEY_UISupportedInterfaceOrientations_iPad = "UIInterfaceOrientationPortrait UIInterfaceOrientationPortraitUpsideDown UIInterfaceOrientationLandscapeLeft UIInterfaceOrientationLandscapeRight";
				INFOPLIST_KEY_UISupportedInterfaceOrientations_iPhone = "UIInterfaceOrientationPortrait UIInterfaceOrientationLandscapeLeft UIInterfaceOrientationLandscapeRight";
				LD_RUNPATH_SEARCH_PATHS = (
					"$(inherited)",
					"@executable_path/Frameworks",
				);
				MARKETING_VERSION = 1.0;
				PRODUCT_BUNDLE_IDENTIFIER = com.mangesh.DemoMultipleRecprds;
				PRODUCT_NAME = "$(TARGET_NAME)";
				SWIFT_EMIT_LOC_STRINGS = YES;
				SWIFT_VERSION = 5.0;
				TARGETED_DEVICE_FAMILY = "1,2";
			};
			name = Debug;
		};
		06B4C2132C399C8300E28BFB /* Release */ = {
			isa = XCBuildConfiguration;
			buildSettings = {
				ASSETCATALOG_COMPILER_APPICON_NAME = AppIcon;
				ASSETCATALOG_COMPILER_GLOBAL_ACCENT_COLOR_NAME = AccentColor;
				CODE_SIGN_STYLE = Automatic;
				CURRENT_PROJECT_VERSION = 1;
				DEVELOPMENT_TEAM = 982S9XL964;
				GENERATE_INFOPLIST_FILE = YES;
				INFOPLIST_FILE = MultipleTextFieldsTableView/Info.plist;
				INFOPLIST_KEY_UIApplicationSupportsIndirectInputEvents = YES;
				INFOPLIST_KEY_UILaunchStoryboardName = LaunchScreen;
				INFOPLIST_KEY_UIMainStoryboardFile = Main;
				INFOPLIST_KEY_UISupportedInterfaceOrientations_iPad = "UIInterfaceOrientationPortrait UIInterfaceOrientationPortraitUpsideDown UIInterfaceOrientationLandscapeLeft UIInterfaceOrientationLandscapeRight";
				INFOPLIST_KEY_UISupportedInterfaceOrientations_iPhone = "UIInterfaceOrientationPortrait UIInterfaceOrientationLandscapeLeft UIInterfaceOrientationLandscapeRight";
				LD_RUNPATH_SEARCH_PATHS = (
					"$(inherited)",
					"@executable_path/Frameworks",
				);
				MARKETING_VERSION = 1.0;
				PRODUCT_BUNDLE_IDENTIFIER = com.mangesh.DemoMultipleRecprds;
				PRODUCT_NAME = "$(TARGET_NAME)";
				SWIFT_EMIT_LOC_STRINGS = YES;
				SWIFT_VERSION = 5.0;
				TARGETED_DEVICE_FAMILY = "1,2";
			};
			name = Release;
		};
/* End XCBuildConfiguration section */

/* Begin XCConfigurationList section */
		06B4C1F82C399C8200E28BFB /* Build configuration list for PBXProject "MultipleTextFieldsTableView" */ = {
			isa = XCConfigurationList;
			buildConfigurations = (
				06B4C20F2C399C8300E28BFB /* Debug */,
				06B4C2102C399C8300E28BFB /* Release */,
			);
			defaultConfigurationIsVisible = 0;
			defaultConfigurationName = Release;
		};
		06B4C2112C399C8300E28BFB /* Build configuration list for PBXNativeTarget "MultipleTextFieldsTableView" */ = {
			isa = XCConfigurationList;
			buildConfigurations = (
				06B4C2122C399C8300E28BFB /* Debug */,
				06B4C2132C399C8300E28BFB /* Release */,
			);
			defaultConfigurationIsVisible = 0;
			defaultConfigurationName = Release;
		};
/* End XCConfigurationList section */
	};
	rootObject = 06B4C1F52C399C8200E28BFB /* Project object */;
}
